
Microsoft Visual Studio Solution File, Format Version 12.00
# Visual Studio Version 16
VisualStudioVersion = 16.0.33920.266
MinimumVisualStudioVersion = 10.0.40219.1
Project("{FAE04EC0-301F-11D3-BF4B-00C04F79EFBC}") = "BaiTapBuoi3", "BaiTapBuoi3\BaiTapBuoi3.csproj", "{A46345BF-E607-42F2-9D2D-E375035168B2}"
EndProject
Project("{FAE04EC0-301F-11D3-BF4B-00C04F79EFBC}") = "BaiTapBuoi2", "..\BaiTapBuoi2\BaiTapBuoi2\BaiTapBuoi2.csproj", "{67A828F0-5796-4437-85E6-5E7C5D7259C6}"
EndProject
Global
	GlobalSection(SolutionConfigurationPlatforms) = preSolution
		Debug|Any CPU = Debug|Any CPU
		Release|Any CPU = Release|Any CPU
	EndGlobalSection
	GlobalSection(ProjectConfigurationPlatforms) = postSolution
		{A46345BF-E607-42F2-9D2D-E375035168B2}.Debug|Any CPU.ActiveCfg = Debug|Any CPU
		{A46345BF-E607-42F2-9D2D-E375035168B2}.Debug|Any CPU.Build.0 = Debug|Any CPU
		{A46345BF-E607-42F2-9D2D-E375035168B2}.Release|Any CPU.ActiveCfg = Release|Any CPU
		{A46345BF-E607-42F2-9D2D-E375035168B2}.Release|Any CPU.Build.0 = Release|Any CPU
		{67A828F0-5796-4437-85E6-5E7C5D7259C6}.Debug|Any CPU.ActiveCfg = Debug|Any CPU
		{67A828F0-5796-4437-85E6-5E7C5D7259C6}.Debug|Any CPU.Build.0 = Debug|Any CPU
		{67A828F0-5796-4437-85E6-5E7C5D7259C6}.Release|Any CPU.ActiveCfg = Release|Any CPU
		{67A828F0-5796-4437-85E6-5E7C5D7259C6}.Release|Any CPU.Build.0 = Release|Any CPU
	EndGlobalSection
	GlobalSection(SolutionProperties) = preSolution
		HideSolutionNode = FALSE
	EndGlobalSection
	GlobalSection(ExtensibilityGlobals) = postSolution
		SolutionGuid = {4452DFDA-6F99-49EF-982C-80A12A8280AB}
	EndGlobalSection
EndGlobal
